lockfileVersion: 5.3

specifiers:
  '@types/string-similarity': ^4.0.0
  discord.js: ^13.1.0
  got: ^11.8.2
  piyo: github:z-------------/piyo
  string-similarity: ^4.0.4
  typescript: ^4.4.3

dependencies:
  string-similarity: 4.0.4

devDependencies:
  '@types/string-similarity': 4.0.0
  discord.js: 13.1.0
  got: 11.8.2
  piyo: github.com/z-------------/piyo/8e3d86368df9727fa3d9df23e187e781016b4943
  typescript: 4.4.3

packages:

  /@discordjs/builders/0.5.0:
    resolution: {integrity: sha512-HP5y4Rqw68o61Qv4qM5tVmDbWi4mdTFftqIOGRo33SNPpLJ1Ga3KEIR2ibKofkmsoQhEpLmopD1AZDs3cKpHuw==}
    engines: {node: '>=14.0.0', npm: '>=7.0.0'}
    dependencies:
      '@sindresorhus/is': 4.2.0
      discord-api-types: 0.22.0
      ow: 0.27.0
      ts-mixer: 6.0.0
      tslib: 2.3.1
    dev: true

  /@discordjs/builders/0.6.0:
    resolution: {integrity: sha512-mH3Gx61LKk2CD05laCI9K5wp+a3NyASHDUGx83DGJFkqJlRlSV5WMJNY6RS37A5SjqDtGMF4wVR9jzFaqShe6Q==}
    engines: {node: '>=14.0.0', npm: '>=7.0.0'}
    dependencies:
      '@sindresorhus/is': 4.2.0
      discord-api-types: 0.22.0
      ow: 0.27.0
      ts-mixer: 6.0.0
      tslib: 2.3.1
    dev: true

  /@discordjs/collection/0.1.6:
    resolution: {integrity: sha512-utRNxnd9kSS2qhyivo9lMlt5qgAUasH2gb7BEOn6p0efFh24gjGomHzWKMAPn2hEReOPQZCJaRKoURwRotKucQ==}
    dev: true

  /@discordjs/collection/0.2.1:
    resolution: {integrity: sha512-vhxqzzM8gkomw0TYRF3tgx7SwElzUlXT/Aa41O7mOcyN6wIJfj5JmDWaO5XGKsGSsNx7F3i5oIlrucCCWV1Nog==}
    engines: {node: '>=14.0.0'}
    dev: true

  /@discordjs/form-data/3.0.1:
    resolution: {integrity: sha512-ZfFsbgEXW71Rw/6EtBdrP5VxBJy4dthyC0tpQKGKmYFImlmmrykO14Za+BiIVduwjte0jXEBlhSKf0MWbFp9Eg==}
    engines: {node: '>= 6'}
    dependencies:
      asynckit: 0.4.0
      combined-stream: 1.0.8
      mime-types: 2.1.32
    dev: true

  /@discordjs/rest/0.1.0-canary.0:
    resolution: {integrity: sha512-d+s//ISYVV+e0w/926wMEeO7vju+Pn11x1JM4tcmVMCHSDgpi6pnFCNAXF1TEdnDcy7xf9tq5cf2pQkb/7ySTQ==}
    engines: {node: '>=16.0.0'}
    dependencies:
      '@discordjs/collection': 0.1.6
      '@sapphire/async-queue': 1.1.4
      '@sapphire/snowflake': 1.3.6
      abort-controller: 3.0.0
      discord-api-types: 0.18.1
      form-data: 4.0.0
      node-fetch: 2.6.3
      tslib: 2.3.1
    dev: true

  /@sapphire/async-queue/1.1.4:
    resolution: {integrity: sha512-fFrlF/uWpGOX5djw5Mu2Hnnrunao75WGey0sP0J3jnhmrJ5TAPzHYOmytD5iN/+pMxS+f+u/gezqHa9tPhRHEA==}
    engines: {node: '>=14', npm: '>=6'}
    dev: true

  /@sapphire/snowflake/1.3.6:
    resolution: {integrity: sha512-QnzuLp+p9D7agynVub/zqlDVriDza9y3STArBhNiNBUgIX8+GL5FpQxstRfw1jDr5jkZUjcuKYAHxjIuXKdJAg==}
    engines: {node: '>=12', npm: '>=6'}
    deprecated: This version has been automatically deprecated by @favware/npm-deprecate. Please use a newer version.
    dev: true

  /@sindresorhus/is/4.2.0:
    resolution: {integrity: sha512-VkE3KLBmJwcCaVARtQpfuKcKv8gcBmUubrfHGF84dXuuW6jgsRYxPtzcIhPyK9WAPpRt2/xY6zkD9MnRaJzSyw==}
    engines: {node: '>=10'}
    dev: true

  /@szmarczak/http-timer/4.0.6:
    resolution: {integrity: sha512-4BAffykYOgO+5nzBWYwE3W90sBgLJoUPRWWcL8wlyiM8IB8ipJz3UMJ9KXQd1RKQXpKp8Tutn80HZtWsu2u76w==}
    engines: {node: '>=10'}
    dependencies:
      defer-to-connect: 2.0.1
    dev: true

  /@types/cacheable-request/6.0.2:
    resolution: {integrity: sha512-B3xVo+dlKM6nnKTcmm5ZtY/OL8bOAOd2Olee9M1zft65ox50OzjEHW91sDiU9j6cvW8Ejg1/Qkf4xd2kugApUA==}
    dependencies:
      '@types/http-cache-semantics': 4.0.1
      '@types/keyv': 3.1.3
      '@types/node': 16.9.4
      '@types/responselike': 1.0.0
    dev: true

  /@types/http-cache-semantics/4.0.1:
    resolution: {integrity: sha512-SZs7ekbP8CN0txVG2xVRH6EgKmEm31BOxA07vkFaETzZz1xh+cbt8BcI0slpymvwhx5dlFnQG2rTlPVQn+iRPQ==}
    dev: true

  /@types/keyv/3.1.3:
    resolution: {integrity: sha512-FXCJgyyN3ivVgRoml4h94G/p3kY+u/B86La+QptcqJaWtBWtmc6TtkNfS40n9bIvyLteHh7zXOtgbobORKPbDg==}
    dependencies:
      '@types/node': 16.9.4
    dev: true

  /@types/node/16.9.4:
    resolution: {integrity: sha512-KDazLNYAGIuJugdbULwFZULF9qQ13yNWEBFnfVpqlpgAAo6H/qnM9RjBgh0A0kmHf3XxAKLdN5mTIng9iUvVLA==}
    dev: true

  /@types/responselike/1.0.0:
    resolution: {integrity: sha512-85Y2BjiufFzaMIlvJDvTTB8Fxl2xfLo4HgmHzVBz08w4wDePCTjYw66PdrolO0kzli3yam/YCgRufyo1DdQVTA==}
    dependencies:
      '@types/node': 16.9.4
    dev: true

  /@types/string-similarity/4.0.0:
    resolution: {integrity: sha512-dMS4S07fbtY1AILG/RhuwmptmzK1Ql8scmAebOTJ/8iBtK/KI17NwGwKzu1uipjj8Kk+3mfPxum56kKZE93mzQ==}
    dev: true

  /@types/ws/7.4.7:
    resolution: {integrity: sha512-JQbbmxZTZehdc2iszGKs5oC3NFnjeay7mtAWrdt7qNtAVK0g19muApzAy4bm9byz79xa2ZnO/BOBC2R8RC5Lww==}
    dependencies:
      '@types/node': 16.9.4
    dev: true

  /abort-controller/3.0.0:
    resolution: {integrity: sha512-h8lQ8tacZYnR3vNQTgibj+tODHI5/+l06Au2Pcriv/Gmet0eaj4TwWH41sO9wnHDiQsEj19q0drzdWdeAHtweg==}
    engines: {node: '>=6.5'}
    dependencies:
      event-target-shim: 5.0.1
    dev: true

  /asynckit/0.4.0:
    resolution: {integrity: sha1-x57Zf380y48robyXkLzDZkdLS3k=}
    dev: true

  /cacheable-lookup/5.0.4:
    resolution: {integrity: sha512-2/kNscPhpcxrOigMZzbiWF7dz8ilhb/nIHU3EyZiXWXpeq/au8qJ8VhdftMkty3n7Gj6HIGalQG8oiBNB3AJgA==}
    engines: {node: '>=10.6.0'}
    dev: true

  /cacheable-request/7.0.2:
    resolution: {integrity: sha512-pouW8/FmiPQbuGpkXQ9BAPv/Mo5xDGANgSNXzTzJ8DrKGuXOssM4wIQRjfanNRh3Yu5cfYPvcorqbhg2KIJtew==}
    engines: {node: '>=8'}
    dependencies:
      clone-response: 1.0.2
      get-stream: 5.2.0
      http-cache-semantics: 4.1.0
      keyv: 4.0.3
      lowercase-keys: 2.0.0
      normalize-url: 6.1.0
      responselike: 2.0.0
    dev: true

  /callsites/3.1.0:
    resolution: {integrity: sha512-P8BjAsXvZS+VIDUI11hHCQEv74YT67YUi5JJFNWIqL235sBmjX4+qx9Muvls5ivyNENctx46xQLQ3aTuE7ssaQ==}
    engines: {node: '>=6'}
    dev: true

  /clone-response/1.0.2:
    resolution: {integrity: sha1-0dyXOSAxTfZ/vrlCI7TuNQI56Ws=}
    dependencies:
      mimic-response: 1.0.1
    dev: true

  /combined-stream/1.0.8:
    resolution: {integrity: sha512-FQN4MRfuJeHf7cBbBMJFXhKSDq+2kAArBlmRBvcvFE5BB1HZKXtSFASDhdlz9zOYwxh8lDdnvmMOe/+5cdoEdg==}
    engines: {node: '>= 0.8'}
    dependencies:
      delayed-stream: 1.0.0
    dev: true

  /decompress-response/6.0.0:
    resolution: {integrity: sha512-aW35yZM6Bb/4oJlZncMH2LCoZtJXTRxES17vE3hoRiowU2kWHaJKFkSBDnDR+cm9J+9QhXmREyIfv0pji9ejCQ==}
    engines: {node: '>=10'}
    dependencies:
      mimic-response: 3.1.0
    dev: true

  /defer-to-connect/2.0.1:
    resolution: {integrity: sha512-4tvttepXG1VaYGrRibk5EwJd1t4udunSOVMdLSAL6mId1ix438oPwPZMALY41FCijukO1L0twNcGsdzS7dHgDg==}
    engines: {node: '>=10'}
    dev: true

  /delayed-stream/1.0.0:
    resolution: {integrity: sha1-3zrhmayt+31ECqrgsp4icrJOxhk=}
    engines: {node: '>=0.4.0'}
    dev: true

  /discord-api-types/0.18.1:
    resolution: {integrity: sha512-hNC38R9ZF4uaujaZQtQfm5CdQO58uhdkoHQAVvMfIL0LgOSZeW575W8H6upngQOuoxWd8tiRII3LLJm9zuQKYg==}
    engines: {node: '>=12'}
    deprecated: No longer supported. Install the latest release (0.20.2)
    dev: true

  /discord-api-types/0.22.0:
    resolution: {integrity: sha512-l8yD/2zRbZItUQpy7ZxBJwaLX/Bs2TGaCthRppk8Sw24LOIWg12t9JEreezPoYD0SQcC2htNNo27kYEpYW/Srg==}
    engines: {node: '>=12'}
    dev: true

  /discord-api-types/0.23.1:
    resolution: {integrity: sha512-igWmn+45mzXRWNEPU25I/pr8MwxHb767wAr51oy3VRLRcTlp5ADBbrBR0lq3SA1Rfw3MtM4TQu1xo3kxscfVdQ==}
    engines: {node: '>=12'}
    dev: true

  /discord.js/13.1.0:
    resolution: {integrity: sha512-gxO4CXKdHpqA+WKG+f5RNnd3srTDj5uFJHgOathksDE90YNq/Qijkd2WlMgTTMS6AJoEnHxI7G9eDQHCuZ+xDA==}
    engines: {node: '>=16.6.0', npm: '>=7.0.0'}
    dependencies:
      '@discordjs/builders': 0.5.0
      '@discordjs/collection': 0.2.1
      '@discordjs/form-data': 3.0.1
      '@sapphire/async-queue': 1.1.4
      '@types/ws': 7.4.7
      discord-api-types: 0.22.0
      node-fetch: 2.6.3
      ws: 7.5.5
    transitivePeerDependencies:
      - bufferutil
      - utf-8-validate
    dev: true

  /dot-prop/6.0.1:
    resolution: {integrity: sha512-tE7ztYzXHIeyvc7N+hR3oi7FIbf/NIjVP9hmAt3yMXzrQ072/fpjGLx2GxNxGxUl5V73MEqYzioOMoVhGMJ5cA==}
    engines: {node: '>=10'}
    dependencies:
      is-obj: 2.0.0
    dev: true

  /dotenv/10.0.0:
    resolution: {integrity: sha512-rlBi9d8jpv9Sf1klPjNfFAuWDjKLwTIJJ/VxtoTwIR6hnZxcEOQCZg2oIL3MWBYw5GpUDKOEnND7LXTbIpQ03Q==}
    engines: {node: '>=10'}
    dev: true

  /end-of-stream/1.4.4:
    resolution: {integrity: sha512-+uw1inIHVPQoaVuHzRyXd21icM+cnt4CzD5rW+NC1wjOUSTOs+Te7FOv7AhN7vS9x/oIyhLP5PR1H+phQAHu5Q==}
    dependencies:
      once: 1.4.0
    dev: true

  /event-target-shim/5.0.1:
    resolution: {integrity: sha512-i/2XbnSz/uxRCU6+NdVJgKWDTM427+MqYbkQzD321DuCQJUqOuJKIA0IM2+W2xtYHdKOmZ4dR6fExsd4SXL+WQ==}
    engines: {node: '>=6'}
    dev: true

  /form-data/4.0.0:
    resolution: {integrity: sha512-ETEklSGi5t0QMZuiXoA/Q6vcnxcLQP5vdugSpuAyi6SVGi2clPPp+xgEhuMaHC+zGgn31Kd235W35f7Hykkaww==}
    engines: {node: '>= 6'}
    dependencies:
      asynckit: 0.4.0
      combined-stream: 1.0.8
      mime-types: 2.1.32
    dev: true

  /get-stream/5.2.0:
    resolution: {integrity: sha512-nBF+F1rAZVCu/p7rjzgA+Yb4lfYXrpl7a6VmJrU8wF9I1CKvP/QwPNZHnOlwbTkY6dvtFIzFMSyQXbLoTQPRpA==}
    engines: {node: '>=8'}
    dependencies:
      pump: 3.0.0
    dev: true

  /got/11.8.2:
    resolution: {integrity: sha512-D0QywKgIe30ODs+fm8wMZiAcZjypcCodPNuMz5H9Mny7RJ+IjJ10BdmGW7OM7fHXP+O7r6ZwapQ/YQmMSvB0UQ==}
    engines: {node: '>=10.19.0'}
    dependencies:
      '@sindresorhus/is': 4.2.0
      '@szmarczak/http-timer': 4.0.6
      '@types/cacheable-request': 6.0.2
      '@types/responselike': 1.0.0
      cacheable-lookup: 5.0.4
      cacheable-request: 7.0.2
      decompress-response: 6.0.0
      http2-wrapper: 1.0.3
      lowercase-keys: 2.0.0
      p-cancelable: 2.1.1
      responselike: 2.0.0
    dev: true

  /http-cache-semantics/4.1.0:
    resolution: {integrity: sha512-carPklcUh7ROWRK7Cv27RPtdhYhUsela/ue5/jKzjegVvXDqM2ILE9Q2BGn9JZJh1g87cp56su/FgQSzcWS8cQ==}
    dev: true

  /http2-wrapper/1.0.3:
    resolution: {integrity: sha512-V+23sDMr12Wnz7iTcDeJr3O6AIxlnvT/bmaAAAP/Xda35C90p9599p0F1eHR/N1KILWSoWVAiOMFjBBXaXSMxg==}
    engines: {node: '>=10.19.0'}
    dependencies:
      quick-lru: 5.1.1
      resolve-alpn: 1.2.1
    dev: true

  /is-obj/2.0.0:
    resolution: {integrity: sha512-drqDG3cbczxxEJRoOXcOjtdp1J/lyp1mNn0xaznRs8+muBhgQcrnbspox5X5fOw0HnMnbfDzvnEMEtqDEJEo8w==}
    engines: {node: '>=8'}
    dev: true

  /json-buffer/3.0.1:
    resolution: {integrity: sha512-4bV5BfR2mqfQTJm+V5tPPdf+ZpuhiIvTuAB5g8kcrXOZpTT/QwwVRWBywX1ozr6lEuPdbHxwaJlm9G6mI2sfSQ==}
    dev: true

  /keyv/4.0.3:
    resolution: {integrity: sha512-zdGa2TOpSZPq5mU6iowDARnMBZgtCqJ11dJROFi6tg6kTn4nuUdU09lFyLFSaHrWqpIJ+EBq4E8/Dc0Vx5vLdA==}
    dependencies:
      json-buffer: 3.0.1
    dev: true

  /lodash.isequal/4.5.0:
    resolution: {integrity: sha1-QVxEePK8wwEgwizhDtMib30+GOA=}
    dev: true

  /lowercase-keys/2.0.0:
    resolution: {integrity: sha512-tqNXrS78oMOE73NMxK4EMLQsQowWf8jKooH9g7xPavRT706R6bkQJ6DY2Te7QukaZsulxa30wQ7bk0pm4XiHmA==}
    engines: {node: '>=8'}
    dev: true

  /mime-db/1.49.0:
    resolution: {integrity: sha512-CIc8j9URtOVApSFCQIF+VBkX1RwXp/oMMOrqdyXSBXq5RWNEsRfyj1kiRnQgmNXmHxPoFIxOroKA3zcU9P+nAA==}
    engines: {node: '>= 0.6'}
    dev: true

  /mime-types/2.1.32:
    resolution: {integrity: sha512-hJGaVS4G4c9TSMYh2n6SQAGrC4RnfU+daP8G7cSCmaqNjiOoUY0VHCMS42pxnQmVF1GWwFhbHWn3RIxCqTmZ9A==}
    engines: {node: '>= 0.6'}
    dependencies:
      mime-db: 1.49.0
    dev: true

  /mimic-response/1.0.1:
    resolution: {integrity: sha512-j5EctnkH7amfV/q5Hgmoal1g2QHFJRraOtmx0JpIqkxhBhI/lJSl1nMpQ45hVarwNETOoWEimndZ4QK0RHxuxQ==}
    engines: {node: '>=4'}
    dev: true

  /mimic-response/3.1.0:
    resolution: {integrity: sha512-z0yWI+4FDrrweS8Zmt4Ej5HdJmky15+L2e6Wgn3+iK5fWzb6T3fhNFq2+MeTRb064c6Wr4N/wv0DzQTjNzHNGQ==}
    engines: {node: '>=10'}
    dev: true

  /node-fetch/2.6.3:
    resolution: {integrity: sha512-BXSmNTLLDHT0UjQDg5E23x+0n/hPDjySqc0ELE4NpCa2wE5qmmaEWFRP/+v8pfuocchR9l5vFLbSB7CPE2ahvQ==}
    engines: {node: 4.x || >=6.0.0}
    dependencies:
      whatwg-url: 5.0.0
    dev: true

  /normalize-url/6.1.0:
    resolution: {integrity: sha512-DlL+XwOy3NxAQ8xuC0okPgK46iuVNAK01YN7RueYBqqFeGsBjV9XmCAzAdgt+667bCl5kPh9EqKKDwnaPG1I7A==}
    engines: {node: '>=10'}
    dev: true

  /once/1.4.0:
    resolution: {integrity: sha1-WDsap3WWHUsROsF9nFC6753Xa9E=}
    dependencies:
      wrappy: 1.0.2
    dev: true

  /ow/0.27.0:
    resolution: {integrity: sha512-SGnrGUbhn4VaUGdU0EJLMwZWSupPmF46hnTRII7aCLCrqixTAC5eKo8kI4/XXf1eaaI8YEVT+3FeGNJI9himAQ==}
    engines: {node: '>=12'}
    dependencies:
      '@sindresorhus/is': 4.2.0
      callsites: 3.1.0
      dot-prop: 6.0.1
      lodash.isequal: 4.5.0
      type-fest: 1.4.0
      vali-date: 1.0.0
    dev: true

  /p-cancelable/2.1.1:
    resolution: {integrity: sha512-BZOr3nRQHOntUjTrH8+Lh54smKHoHyur8We1V8DSMVrl5A2malOOwuJRnKRDjSnkoeBh4at6BwEnb5I7Jl31wg==}
    engines: {node: '>=8'}
    dev: true

  /pump/3.0.0:
    resolution: {integrity: sha512-LwZy+p3SFs1Pytd/jYct4wpv49HiYCqd9Rlc5ZVdk0V+8Yzv6jR5Blk3TRmPL1ft69TxP0IMZGJ+WPFU2BFhww==}
    dependencies:
      end-of-stream: 1.4.4
      once: 1.4.0
    dev: true

  /quick-lru/5.1.1:
    resolution: {integrity: sha512-WuyALRjWPDGtt/wzJiadO5AXY+8hZ80hVpe6MyivgraREW751X3SbhRvG3eLKOYN+8VEvqLcf3wdnt44Z4S4SA==}
    engines: {node: '>=10'}
    dev: true

  /resolve-alpn/1.2.1:
    resolution: {integrity: sha512-0a1F4l73/ZFZOakJnQ3FvkJ2+gSTQWz/r2KE5OdDY0TxPm5h4GkqkWWfM47T7HsbnOtcJVEF4epCVy6u7Q3K+g==}
    dev: true

  /responselike/2.0.0:
    resolution: {integrity: sha512-xH48u3FTB9VsZw7R+vvgaKeLKzT6jOogbQhEe/jewwnZgzPcnyWui2Av6JpoYZF/91uueC+lqhWqeURw5/qhCw==}
    dependencies:
      lowercase-keys: 2.0.0
    dev: true

  /string-similarity/4.0.4:
    resolution: {integrity: sha512-/q/8Q4Bl4ZKAPjj8WerIBJWALKkaPRfrvhfF8k/B23i4nzrlRj2/go1m90In7nG/3XDSbOo0+pu6RvCTM9RGMQ==}
    dev: false

  /tr46/0.0.3:
    resolution: {integrity: sha1-gYT9NH2snNwYWZLzpmIuFLnZq2o=}
    dev: true

  /ts-mixer/6.0.0:
    resolution: {integrity: sha512-nXIb1fvdY5CBSrDIblLn73NW0qRDk5yJ0Sk1qPBF560OdJfQp9jhl+0tzcY09OZ9U+6GpeoI9RjwoIKFIoB9MQ==}
    dev: true

  /tslib/2.3.1:
    resolution: {integrity: sha512-77EbyPPpMz+FRFRuAFlWMtmgUWGe9UOG2Z25NqCwiIjRhOf5iKGuzSe5P2w1laq+FkRy4p+PCuVkJSGkzTEKVw==}
    dev: true

  /type-fest/1.4.0:
    resolution: {integrity: sha512-yGSza74xk0UG8k+pLh5oeoYirvIiWo5t0/o3zHHAO2tRDiZcxWP7fywNlXhqb6/r6sWvwi+RsyQMWhVLe4BVuA==}
    engines: {node: '>=10'}
    dev: true

  /typescript/4.4.3:
    resolution: {integrity: sha512-4xfscpisVgqqDfPaJo5vkd+Qd/ItkoagnHpufr+i2QCHBsNYp+G7UAoyFl8aPtx879u38wPV65rZ8qbGZijalA==}
    engines: {node: '>=4.2.0'}
    hasBin: true
    dev: true

  /vali-date/1.0.0:
    resolution: {integrity: sha1-G5BKWWCfsyjvB4E4Qgk09rhnCaY=}
    engines: {node: '>=0.10.0'}
    dev: true

  /webidl-conversions/3.0.1:
    resolution: {integrity: sha1-JFNCdeKnvGvnvIZhHMFq4KVlSHE=}
    dev: true

  /whatwg-url/5.0.0:
    resolution: {integrity: sha1-lmRU6HZUYuN2RNNib2dCzotwll0=}
    dependencies:
      tr46: 0.0.3
      webidl-conversions: 3.0.1
    dev: true

  /wrappy/1.0.2:
    resolution: {integrity: sha1-tSQ9jz7BqjXxNkYFvA0QNuMKtp8=}
    dev: true

  /ws/7.5.5:
    resolution: {integrity: sha512-BAkMFcAzl8as1G/hArkxOxq3G7pjUqQ3gzYbLL0/5zNkph70e+lCoxBGnm6AW1+/aiNeV4fnKqZ8m4GZewmH2w==}
    engines: {node: '>=8.3.0'}
    peerDependencies:
      bufferutil: ^4.0.1
      utf-8-validate: ^5.0.2
    peerDependenciesMeta:
      bufferutil:
        optional: true
      utf-8-validate:
        optional: true
    dev: true

  github.com/z-------------/piyo/8e3d86368df9727fa3d9df23e187e781016b4943:
    resolution: {tarball: https://codeload.github.com/z-------------/piyo/tar.gz/8e3d86368df9727fa3d9df23e187e781016b4943}
    name: piyo
    version: 0.0.0
    dependencies:
      '@discordjs/builders': 0.6.0
      '@discordjs/rest': 0.1.0-canary.0
      discord-api-types: 0.23.1
      discord.js: 13.1.0
      dotenv: 10.0.0
      got: 11.8.2
    transitivePeerDependencies:
      - bufferutil
      - utf-8-validate
    dev: true
